// !$*UTF8*$!
{
	archiveVersion = 1;
	classes = {
	};
	objectVersion = 46;
	objects = {

/* Begin PBXBuildFile section */
		B61EE0081D8CE20D0036D9A0 /* OpenGL.framework in Frameworks */ = {isa = PBXBuildFile; fileRef = B632C37D1D8CD24800A1F530 /* OpenGL.framework */; };
		B61EE00A1D8CE2610036D9A0 /* libGLEW.2.0.0.dylib in Frameworks */ = {isa = PBXBuildFile; fileRef = B61EE0091D8CE2610036D9A0 /* libGLEW.2.0.0.dylib */; };
		B61EE00C1D8CE27B0036D9A0 /* libglfw3.3.2.dylib in Frameworks */ = {isa = PBXBuildFile; fileRef = B61EE00B1D8CE27B0036D9A0 /* libglfw3.3.2.dylib */; };
		B61EE00F1D8DE9380036D9A0 /* save.cpp in Sources */ = {isa = PBXBuildFile; fileRef = B61EE00D1D8DE9380036D9A0 /* save.cpp */; };
		B628051A1D8CB719004F7096 /* main.cpp in Sources */ = {isa = PBXBuildFile; fileRef = B62805191D8CB719004F7096 /* main.cpp */; };
/* End PBXBuildFile section */

/* Begin PBXCopyFilesBuildPhase section */
		B62805141D8CB719004F7096 /* CopyFiles */ = {
			isa = PBXCopyFilesBuildPhase;
			buildActionMask = 2147483647;
			dstPath = /usr/share/man/man1/;
			dstSubfolderSpec = 0;
			files = (
			);
			runOnlyForDeploymentPostprocessing = 1;
		};
/* End PBXCopyFilesBuildPhase section */

/* Begin PBXFileReference section */
		B61EE0061D8CE10B0036D9A0 /* GLKit.framework */ = {isa = PBXFileReference; lastKnownFileType = wrapper.framework; name = GLKit.framework; path = System/Library/Frameworks/GLKit.framework; sourceTree = SDKROOT; };
		B61EE0091D8CE2610036D9A0 /* libGLEW.2.0.0.dylib */ = {isa = PBXFileReference; lastKnownFileType = "compiled.mach-o.dylib"; name = libGLEW.2.0.0.dylib; path = ../../../../../usr/local/Cellar/glew/2.0.0/lib/libGLEW.2.0.0.dylib; sourceTree = "<group>"; };
		B61EE00B1D8CE27B0036D9A0 /* libglfw3.3.2.dylib */ = {isa = PBXFileReference; lastKnownFileType = "compiled.mach-o.dylib"; name = libglfw3.3.2.dylib; path = ../../../../../usr/local/Cellar/glfw3/3.2.1/lib/libglfw3.3.2.dylib; sourceTree = "<group>"; };
		B61EE00D1D8DE9380036D9A0 /* save.cpp */ = {isa = PBXFileReference; fileEncoding = 4; lastKnownFileType = sourcecode.cpp.cpp; path = save.cpp; sourceTree = "<group>"; };
		B62805161D8CB719004F7096 /* Startup */ = {isa = PBXFileReference; explicitFileType = "compiled.mach-o.executable"; includeInIndex = 0; path = Startup; sourceTree = BUILT_PRODUCTS_DIR; };
		B62805191D8CB719004F7096 /* main.cpp */ = {isa = PBXFileReference; lastKnownFileType = sourcecode.cpp.cpp; path = main.cpp; sourceTree = "<group>"; };
		B632C37D1D8CD24800A1F530 /* OpenGL.framework */ = {isa = PBXFileReference; lastKnownFileType = wrapper.framework; name = OpenGL.framework; path = System/Library/Frameworks/OpenGL.framework; sourceTree = SDKROOT; };
		B632C37F1D8CD25D00A1F530 /* GLUT.framework */ = {isa = PBXFileReference; lastKnownFileType = wrapper.framework; name = GLUT.framework; path = System/Library/Frameworks/GLUT.framework; sourceTree = SDKROOT; };
/* End PBXFileReference section */

/* Begin PBXFrameworksBuildPhase section */
		B62805131D8CB719004F7096 /* Frameworks */ = {
			isa = PBXFrameworksBuildPhase;
			buildActionMask = 2147483647;
			files = (
				B61EE00C1D8CE27B0036D9A0 /* libglfw3.3.2.dylib in Frameworks */,
				B61EE00A1D8CE2610036D9A0 /* libGLEW.2.0.0.dylib in Frameworks */,
				B61EE0081D8CE20D0036D9A0 /* OpenGL.framework in Frameworks */,
			);
			runOnlyForDeploymentPostprocessing = 0;
		};
/* End PBXFrameworksBuildPhase section */

/* Begin PBXGroup section */
		B628050D1D8CB719004F7096 = {
			isa = PBXGroup;
			children = (
				B61EE00B1D8CE27B0036D9A0 /* libglfw3.3.2.dylib */,
				B61EE0091D8CE2610036D9A0 /* libGLEW.2.0.0.dylib */,
				B61EE0061D8CE10B0036D9A0 /* GLKit.framework */,
				B632C37F1D8CD25D00A1F530 /* GLUT.framework */,
				B632C37D1D8CD24800A1F530 /* OpenGL.framework */,
				B62805181D8CB719004F7096 /* Startup */,
				B62805171D8CB719004F7096 /* Products */,
			);
			sourceTree = "<group>";
		};
		B62805171D8CB719004F7096 /* Products */ = {
			isa = PBXGroup;
			children = (
				B62805161D8CB719004F7096 /* Startup */,
			);
			name = Products;
			sourceTree = "<group>";
		};
		B62805181D8CB719004F7096 /* Startup */ = {
			isa = PBXGroup;
			children = (
				B62805191D8CB719004F7096 /* main.cpp */,
				B61EE00D1D8DE9380036D9A0 /* save.cpp */,
			);
			path = Startup;
			sourceTree = "<group>";
		};
/* End PBXGroup section */

/* Begin PBXNativeTarget section */
		B62805151D8CB719004F7096 /* Startup */ = {
			isa = PBXNativeTarget;
			buildConfigurationList = B628051D1D8CB719004F7096 /* Build configuration list for PBXNativeTarget "Startup" */;
			buildPhases = (
				B62805121D8CB719004F7096 /* Sources */,
				B62805131D8CB719004F7096 /* Frameworks */,
				B62805141D8CB719004F7096 /* CopyFiles */,
			);
			buildRules = (
			);
			dependencies = (
			);
			name = Startup;
			productName = Startup;
			productReference = B62805161D8CB719004F7096 /* Startup */;
			productType = "com.apple.product-type.tool";
		};
/* End PBXNativeTarget section */

/* Begin PBXProject section */
		B628050E1D8CB719004F7096 /* Project object */ = {
			isa = PBXProject;
			attributes = {
				LastUpgradeCheck = 0730;
				ORGANIZATIONNAME = UNIBOIZ;
				TargetAttributes = {
					B62805151D8CB719004F7096 = {
						CreatedOnToolsVersion = 7.3.1;
					};
				};
			};
			buildConfigurationList = B62805111D8CB719004F7096 /* Build configuration list for PBXProject "Startup" */;
			compatibilityVersion = "Xcode 3.2";
			developmentRegion = English;
			hasScannedForEncodings = 0;
			knownRegions = (
				en,
			);
			mainGroup = B628050D1D8CB719004F7096;
			productRefGroup = B62805171D8CB719004F7096 /* Products */;
			projectDirPath = "";
			projectRoot = "";
			targets = (
				B62805151D8CB719004F7096 /* Startup */,
			);
		};
/* End PBXProject section */

/* Begin PBXSourcesBuildPhase section */
		B62805121D8CB719004F7096 /* Sources */ = {
			isa = PBXSourcesBuildPhase;
			buildActionMask = 2147483647;
			files = (
				B61EE00F1D8DE9380036D9A0 /* save.cpp in Sources */,
				B628051A1D8CB719004F7096 /* main.cpp in Sources */,
			);
			runOnlyForDeploymentPostprocessing = 0;
		};
/* End PBXSourcesBuildPhase section */

/* Begin XCBuildConfiguration section */
		B628051B1D8CB719004F7096 /* Debug */ = {
			isa = XCBuildConfiguration;
			buildSettings = {
				ALWAYS_SEARCH_USER_PATHS = NO;
				CLANG_ANALYZER_NONNULL = YES;
				CLANG_CXX_LANGUAGE_STANDARD = "gnu++0x";
				CLANG_CXX_LIBRARY = "libc++";
				CLANG_ENABLE_MODULES = YES;
				CLANG_ENABLE_OBJC_ARC = YES;
				CLANG_WARN_BOOL_CONVERSION = YES;
				CLANG_WARN_CONSTANT_CONVERSION = YES;
				CLANG_WARN_DIRECT_OBJC_ISA_USAGE = YES_ERROR;
				CLANG_WARN_EMPTY_BODY = YES;
				CLANG_WARN_ENUM_CONVERSION = YES;
				CLANG_WARN_INT_CONVERSION = YES;
				CLANG_WARN_OBJC_ROOT_CLASS = YES_ERROR;
				CLANG_WARN_UNREACHABLE_CODE = YES;
				CLANG_WARN__DUPLICATE_METHOD_MATCH = YES;
				CODE_SIGN_IDENTITY = "-";
				COPY_PHASE_STRIP = NO;
				DEBUG_INFORMATION_FORMAT = dwarf;
				ENABLE_STRICT_OBJC_MSGSEND = YES;
				ENABLE_TESTABILITY = YES;
				GCC_C_LANGUAGE_STANDARD = gnu99;
				GCC_DYNAMIC_NO_PIC = NO;
				GCC_NO_COMMON_BLOCKS = YES;
				GCC_OPTIMIZATION_LEVEL = 0;
				GCC_PREPROCESSOR_DEFINITIONS = (
					"DEBUG=1",
					"$(inherited)",
				);
				GCC_WARN_64_TO_32_BIT_CONVERSION = YES;
				GCC_WARN_ABOUT_RETURN_TYPE = YES_ERROR;
				GCC_WARN_UNDECLARED_SELECTOR = YES;
				GCC_WARN_UNINITIALIZED_AUTOS = YES_AGGRESSIVE;
				GCC_WARN_UNUSED_FUNCTION = YES;
				GCC_WARN_UNUSED_VARIABLE = YES;
				MACOSX_DEPLOYMENT_TARGET = 10.11;
				MTL_ENABLE_DEBUG_INFO = YES;
				ONLY_ACTIVE_ARCH = YES;
				SDKROOT = macosx;
			};
			name = Debug;
		};
		B628051C1D8CB719004F7096 /* Release */ = {
			isa = XCBuildConfiguration;
			buildSettings = {
				ALWAYS_SEARCH_USER_PATHS = NO;
				CLANG_ANALYZER_NONNULL = YES;
				CLANG_CXX_LANGUAGE_STANDARD = "gnu++0x";
				CLANG_CXX_LIBRARY = "libc++";
				CLANG_ENABLE_MODULES = YES;
				CLANG_ENABLE_OBJC_ARC = YES;
				CLANG_WARN_BOOL_CONVERSION = YES;
				CLANG_WARN_CONSTANT_CONVERSION = YES;
				CLANG_WARN_DIRECT_OBJC_ISA_USAGE = YES_ERROR;
				CLANG_WARN_EMPTY_BODY = YES;
				CLANG_WARN_ENUM_CONVERSION = YES;
				CLANG_WARN_INT_CONVERSION = YES;
				CLANG_WARN_OBJC_ROOT_CLASS = YES_ERROR;
				CLANG_WARN_UNREACHABLE_CODE = YES;
				CLANG_WARN__DUPLICATE_METHOD_MATCH = YES;
				CODE_SIGN_IDENTITY = "-";
				COPY_PHASE_STRIP = NO;
				DEBUG_INFORMATION_FORMAT = "dwarf-with-dsym";
				ENABLE_NS_ASSERTIONS = NO;
				ENABLE_STRICT_OBJC_MSGSEND = YES;
				GCC_C_LANGUAGE_STANDARD = gnu99;
				GCC_NO_COMMON_BLOCKS = YES;
				GCC_WARN_64_TO_32_BIT_CONVERSION = YES;
				GCC_WARN_ABOUT_RETURN_TYPE = YES_ERROR;
				GCC_WARN_UNDECLARED_SELECTOR = YES;
				GCC_WARN_UNINITIALIZED_AUTOS = YES_AGGRESSIVE;
				GCC_WARN_UNUSED_FUNCTION = YES;
				GCC_WARN_UNUSED_VARIABLE = YES;
				MACOSX_DEPLOYMENT_TARGET = 10.11;
				MTL_ENABLE_DEBUG_INFO = NO;
				SDKROOT = macosx;
			};
			name = Release;
		};
		B628051E1D8CB719004F7096 /* Debug */ = {
			isa = XCBuildConfiguration;
			buildSettings = {
				HEADER_SEARCH_PATHS = /usr/local/include;
				LIBRARY_SEARCH_PATHS = (
					"$(inherited)",
					/usr/local/Cellar/glew/2.0.0/lib,
					/usr/local/Cellar/glfw3/3.2.1/lib,
				);
				PRODUCT_NAME = "$(TARGET_NAME)";
			};
			name = Debug;
		};
		B628051F1D8CB719004F7096 /* Release */ = {
			isa = XCBuildConfiguration;
			buildSettings = {
				HEADER_SEARCH_PATHS = /usr/local/include;
				LIBRARY_SEARCH_PATHS = (
					"$(inherited)",
					/usr/local/Cellar/glew/2.0.0/lib,
					/usr/local/Cellar/glfw3/3.2.1/lib,
				);
				PRODUCT_NAME = "$(TARGET_NAME)";
			};
			name = Release;
		};
/* End XCBuildConfiguration section */

/* Begin XCConfigurationList section */
		B62805111D8CB719004F7096 /* Build configuration list for PBXProject "Startup" */ = {
			isa = XCConfigurationList;
			buildConfigurations = (
				B628051B1D8CB719004F7096 /* Debug */,
				B628051C1D8CB719004F7096 /* Release */,
			);
			defaultConfigurationIsVisible = 0;
			defaultConfigurationName = Release;
		};
		B628051D1D8CB719004F7096 /* Build configuration list for PBXNativeTarget "Startup" */ = {
			isa = XCConfigurationList;
			buildConfigurations = (
				B628051E1D8CB719004F7096 /* Debug */,
				B628051F1D8CB719004F7096 /* Release */,
			);
			defaultConfigurationIsVisible = 0;
			defaultConfigurationName = Release;
		};
/* End XCConfigurationList section */
	};
	rootObject = B628050E1D8CB719004F7096 /* Project object */;
}
